{
    "_readme": [
        "This file locks the dependencies of your project to a known state",
        "Read more about it at https://getcomposer.org/doc/01-basic-usage.md#installing-dependencies",
        "This file is @generated automatically"
    ],
    "content-hash": "81babc7ee6b1260967952ca5fa7b7373",
    "packages": [
        {
            "name": "components/font-awesome",
            "version": "6.5.2",
            "source": {
                "type": "git",
                "url": "https://github.com/components/font-awesome.git",
                "reference": "399200378d29bacb524c0e19318ea5ff5d74aa7f"
            },
            "dist": {
                "type": "zip",
                "url": "https://api.github.com/repos/components/font-awesome/zipball/399200378d29bacb524c0e19318ea5ff5d74aa7f",
                "reference": "399200378d29bacb524c0e19318ea5ff5d74aa7f",
                "shasum": ""
            },
            "type": "component",
            "extra": {
                "component": {
                    "styles": [
                        "css/all.css"
                    ],
                    "files": [
                        "css/all.min.css",
                        "webfonts/*"
                    ]
                }
            },
            "notification-url": "https://packagist.org/downloads/",
            "license": [
                "CC-BY-4.0",
                "MIT",
                "OFL-1.1"
            ],
            "description": "Font Awesome, the iconic SVG, font, and CSS framework.",
            "support": {
                "issues": "https://github.com/components/font-awesome/issues",
                "source": "https://github.com/components/font-awesome/tree/6.5.2"
            },
            "time": "2024-04-08T15:15:22+00:00"
        }
    ],
    "packages-dev": [],
    "aliases": [],
    "minimum-stability": "stable",
    "stability-flags": [],
    "prefer-stable": false,
    "prefer-lowest": false,
    "platform": [],
    "platform-dev": [],
    "plugin-api-version": "2.6.0"
}
